
Microsoft Visual Studio Solution File, Format Version 12.00
# Visual Studio Version 17
VisualStudioVersion = 17.4.33205.214
MinimumVisualStudioVersion = 10.0.40219.1
Project("{9A19103F-16F7-4668-BE54-9A1E7A4F7556}") = "RiggedUpgrades", "RiggedUpgrades.csproj", "{DBCF1318-D3FF-4D24-9352-9ED3C1E30C90}"
EndProject
Global
	GlobalSection(SolutionConfigurationPlatforms) = preSolution
		Debug|Any CPU = Debug|Any CPU
		Release|Any CPU = Release|Any CPU
	EndGlobalSection
	GlobalSection(ProjectConfigurationPlatforms) = postSolution
		{DBCF1318-D3FF-4D24-9352-9ED3C1E30C90}.Debug|Any CPU.ActiveCfg = Debug|Any CPU
		{DBCF1318-D3FF-4D24-9352-9ED3C1E30C90}.Debug|Any CPU.Build.0 = Debug|Any CPU
		{DBCF1318-D3FF-4D24-9352-9ED3C1E30C90}.Release|Any CPU.ActiveCfg = Release|Any CPU
		{DBCF1318-D3FF-4D24-9352-9ED3C1E30C90}.Release|Any CPU.Build.0 = Release|Any CPU
	EndGlobalSection
	GlobalSection(SolutionProperties) = preSolution
		HideSolutionNode = FALSE
	EndGlobalSection
	GlobalSection(ExtensibilityGlobals) = postSolution
		SolutionGuid = {467A3290-3F96-44B2-BFB0-2684B9362C2A}
	EndGlobalSection
EndGlobal
